
Microsoft Visual Studio Solution File, Format Version 12.00
# Visual Studio 2015
Project("{FAE04EC0-301F-11D3-BF4B-00C04F79EFBC}") = "WoopGame.Plugins", "WoopGame.Plugins.csproj", "{49F34408-B494-ED8A-D24A-2D8C39019444}"
EndProject
Project("{FAE04EC0-301F-11D3-BF4B-00C04F79EFBC}") = "WoopGame", "WoopGame.csproj", "{966B3573-4A4C-0DD3-6F6E-82B139C835BB}"
EndProject
Project("{FAE04EC0-301F-11D3-BF4B-00C04F79EFBC}") = "WoopGame.Editor", "WoopGame.Editor.csproj", "{EBEF6122-2EC9-770E-00F0-24D5F84A0D90}"
EndProject
Global
	GlobalSection(SolutionConfigurationPlatforms) = preSolution
		Debug|Any CPU = Debug|Any CPU
		Release|Any CPU = Release|Any CPU
	EndGlobalSection
	GlobalSection(ProjectConfigurationPlatforms) = postSolution
		{49F34408-B494-ED8A-D24A-2D8C39019444}.Debug|Any CPU.ActiveCfg = Debug|Any CPU
		{49F34408-B494-ED8A-D24A-2D8C39019444}.Debug|Any CPU.Build.0 = Debug|Any CPU
		{49F34408-B494-ED8A-D24A-2D8C39019444}.Release|Any CPU.ActiveCfg = Release|Any CPU
		{49F34408-B494-ED8A-D24A-2D8C39019444}.Release|Any CPU.Build.0 = Release|Any CPU
		{966B3573-4A4C-0DD3-6F6E-82B139C835BB}.Debug|Any CPU.ActiveCfg = Debug|Any CPU
		{966B3573-4A4C-0DD3-6F6E-82B139C835BB}.Debug|Any CPU.Build.0 = Debug|Any CPU
		{966B3573-4A4C-0DD3-6F6E-82B139C835BB}.Release|Any CPU.ActiveCfg = Release|Any CPU
		{966B3573-4A4C-0DD3-6F6E-82B139C835BB}.Release|Any CPU.Build.0 = Release|Any CPU
		{EBEF6122-2EC9-770E-00F0-24D5F84A0D90}.Debug|Any CPU.ActiveCfg = Debug|Any CPU
		{EBEF6122-2EC9-770E-00F0-24D5F84A0D90}.Debug|Any CPU.Build.0 = Debug|Any CPU
		{EBEF6122-2EC9-770E-00F0-24D5F84A0D90}.Release|Any CPU.ActiveCfg = Release|Any CPU
		{EBEF6122-2EC9-770E-00F0-24D5F84A0D90}.Release|Any CPU.Build.0 = Release|Any CPU
	EndGlobalSection
	GlobalSection(SolutionProperties) = preSolution
		HideSolutionNode = FALSE
	EndGlobalSection
EndGlobal
